// !$*UTF8*$!
{
	archiveVersion = 1;
	classes = {
	};
	objectVersion = 50;
	objects = {

/* Begin PBXBuildFile section */
		BB6AE1FD186171D0BBADB8DF /* libPods-JYFormHelper.a in Frameworks */ = {isa = PBXBuildFile; fileRef = C4BA80ED659A0A1BA77C51EC /* libPods-JYFormHelper.a */; };
		F23116AC26004E25009A1541 /* JYFormCellMultiLineInformationCell.m in Sources */ = {isa = PBXBuildFile; fileRef = F231165326004E25009A1541 /* JYFormCellMultiLineInformationCell.m */; };
		F23116B026004E25009A1541 /* JYFormCell_SectionHeaderLightGrayTitle.m in Sources */ = {isa = PBXBuildFile; fileRef = F231165B26004E25009A1541 /* JYFormCell_SectionHeaderLightGrayTitle.m */; };
		F23116B126004E25009A1541 /* JYFileModel.m in Sources */ = {isa = PBXBuildFile; fileRef = F231165D26004E25009A1541 /* JYFileModel.m */; };
		F23116B326004E25009A1541 /* JYFormCell_SelectShowWithImageCell.m in Sources */ = {isa = PBXBuildFile; fileRef = F231166126004E25009A1541 /* JYFormCell_SelectShowWithImageCell.m */; };
		F23116B826004E25009A1541 /* JYFormCell_ThumbDetailCell.m in Sources */ = {isa = PBXBuildFile; fileRef = F231166C26004E25009A1541 /* JYFormCell_ThumbDetailCell.m */; };
		F23116B926004E25009A1541 /* JYFormCell.m in Sources */ = {isa = PBXBuildFile; fileRef = F231166F26004E25009A1541 /* JYFormCell.m */; };
		F23116BA26004E25009A1541 /* JYFormCell_LabelSwitch.m in Sources */ = {isa = PBXBuildFile; fileRef = F231167126004E25009A1541 /* JYFormCell_LabelSwitch.m */; };
		F23116BB26004E25009A1541 /* JYFormModel.m in Sources */ = {isa = PBXBuildFile; fileRef = F231167226004E25009A1541 /* JYFormModel.m */; };
		F23116BC26004E25009A1541 /* JYSingWordCollectionCell.m in Sources */ = {isa = PBXBuildFile; fileRef = F231167426004E25009A1541 /* JYSingWordCollectionCell.m */; };
		F23116BD26004E25009A1541 /* JYFormCell_MultiSelect.m in Sources */ = {isa = PBXBuildFile; fileRef = F231167526004E25009A1541 /* JYFormCell_MultiSelect.m */; };
		F23116BE26004E25009A1541 /* JYKeyValueModel.m in Sources */ = {isa = PBXBuildFile; fileRef = F231167826004E25009A1541 /* JYKeyValueModel.m */; };
		F23116BF26004E25009A1541 /* JYRootFormCell.m in Sources */ = {isa = PBXBuildFile; fileRef = F231167A26004E25009A1541 /* JYRootFormCell.m */; };
		F23116C026004E25009A1541 /* JYFormDemoViewController.m in Sources */ = {isa = PBXBuildFile; fileRef = F231167B26004E25009A1541 /* JYFormDemoViewController.m */; };
		F23116C126004E25009A1541 /* JYFormCell_SelectFile.m in Sources */ = {isa = PBXBuildFile; fileRef = F231167D26004E25009A1541 /* JYFormCell_SelectFile.m */; };
		F23116C226004E25009A1541 /* JYFormCell_SelectFileAddCell.m in Sources */ = {isa = PBXBuildFile; fileRef = F231167E26004E25009A1541 /* JYFormCell_SelectFileAddCell.m */; };
		F23116C326004E25009A1541 /* JYFormCell_SelectFileCell.m in Sources */ = {isa = PBXBuildFile; fileRef = F231167F26004E25009A1541 /* JYFormCell_SelectFileCell.m */; };
		F23116C426004E25009A1541 /* JYFormCell_GrayBar.m in Sources */ = {isa = PBXBuildFile; fileRef = F231168426004E25009A1541 /* JYFormCell_GrayBar.m */; };
		F23116C626004E25009A1541 /* JYFormCell_SectionHeaderTitleLabel.m in Sources */ = {isa = PBXBuildFile; fileRef = F231168826004E25009A1541 /* JYFormCell_SectionHeaderTitleLabel.m */; };
		F23116C726004E25009A1541 /* JYFormCell_ClickableTextShowOnly.m in Sources */ = {isa = PBXBuildFile; fileRef = F231168A26004E25009A1541 /* JYFormCell_ClickableTextShowOnly.m */; };
		F23116C826004E25009A1541 /* JYFormCell_SelectPerson.m in Sources */ = {isa = PBXBuildFile; fileRef = F231169126004E25009A1541 /* JYFormCell_SelectPerson.m */; };
		F23116CA26004E25009A1541 /* JYFormCell_SelectPersonDetailShowMode.m in Sources */ = {isa = PBXBuildFile; fileRef = F231169426004E25009A1541 /* JYFormCell_SelectPersonDetailShowMode.m */; };
		F23116CB26004E25009A1541 /* JYFormCell_SelectPersonDetailShowMode_InnerCell.m in Sources */ = {isa = PBXBuildFile; fileRef = F231169526004E25009A1541 /* JYFormCell_SelectPersonDetailShowMode_InnerCell.m */; };
		F23116CC26004E25009A1541 /* JYFormCell_SelectPersonInnerCell.m in Sources */ = {isa = PBXBuildFile; fileRef = F231169826004E25009A1541 /* JYFormCell_SelectPersonInnerCell.m */; };
		F23116CD26004E25009A1541 /* JYFormCell_CommentTextViewInput.m in Sources */ = {isa = PBXBuildFile; fileRef = F231169926004E25009A1541 /* JYFormCell_CommentTextViewInput.m */; };
		F23116CE26004E25009A1541 /* JYFormCell_GrayBarWithTitle.m in Sources */ = {isa = PBXBuildFile; fileRef = F231169A26004E25009A1541 /* JYFormCell_GrayBarWithTitle.m */; };
		F23116CF26004E25009A1541 /* JYRootFormModel.m in Sources */ = {isa = PBXBuildFile; fileRef = F231169C26004E25009A1541 /* JYRootFormModel.m */; };
		F23116D026004E25009A1541 /* JYFormViewController.m in Sources */ = {isa = PBXBuildFile; fileRef = F23116A026004E25009A1541 /* JYFormViewController.m */; };
		F23116D126004E25009A1541 /* JYFormCell_SelectImageInnerCell.m in Sources */ = {isa = PBXBuildFile; fileRef = F23116A426004E25009A1541 /* JYFormCell_SelectImageInnerCell.m */; };
		F23116D226004E25009A1541 /* JYFormCell_SelectImageCell.m in Sources */ = {isa = PBXBuildFile; fileRef = F23116A526004E25009A1541 /* JYFormCell_SelectImageCell.m */; };
		F23116D326004E25009A1541 /* JYFormCell_RadioSelectInnerCell.m in Sources */ = {isa = PBXBuildFile; fileRef = F23116A826004E25009A1541 /* JYFormCell_RadioSelectInnerCell.m */; };
		F23116D426004E25009A1541 /* JYFormCell_RadioSelect.m in Sources */ = {isa = PBXBuildFile; fileRef = F23116AB26004E25009A1541 /* JYFormCell_RadioSelect.m */; };
		F23116FD2601A57A009A1541 /* JYTestModel.m in Sources */ = {isa = PBXBuildFile; fileRef = F23116FC2601A57A009A1541 /* JYTestModel.m */; };
		F23117092606EC6E009A1541 /* JYTableViewControllerDemo.m in Sources */ = {isa = PBXBuildFile; fileRef = F23117052606EC6D009A1541 /* JYTableViewControllerDemo.m */; };
		F231170A2606EC6E009A1541 /* JYTableViewController.m in Sources */ = {isa = PBXBuildFile; fileRef = F23117082606EC6D009A1541 /* JYTableViewController.m */; };
		F231172A2606F4DF009A1541 /* JYPersonSelectCell.m in Sources */ = {isa = PBXBuildFile; fileRef = F23117292606F4DF009A1541 /* JYPersonSelectCell.m */; };
		F239B42225C65D1200DBB138 /* AppDelegate.m in Sources */ = {isa = PBXBuildFile; fileRef = F239B42125C65D1200DBB138 /* AppDelegate.m */; };
		F239B42825C65D1200DBB138 /* ViewController.m in Sources */ = {isa = PBXBuildFile; fileRef = F239B42725C65D1200DBB138 /* ViewController.m */; };
		F239B42B25C65D1200DBB138 /* Main.storyboard in Resources */ = {isa = PBXBuildFile; fileRef = F239B42925C65D1200DBB138 /* Main.storyboard */; };
		F239B42D25C65D1400DBB138 /* Assets.xcassets in Resources */ = {isa = PBXBuildFile; fileRef = F239B42C25C65D1400DBB138 /* Assets.xcassets */; };
		F239B43025C65D1400DBB138 /* LaunchScreen.storyboard in Resources */ = {isa = PBXBuildFile; fileRef = F239B42E25C65D1400DBB138 /* LaunchScreen.storyboard */; };
		F239B43325C65D1400DBB138 /* main.m in Sources */ = {isa = PBXBuildFile; fileRef = F239B43225C65D1400DBB138 /* main.m */; };
		F239B45B25C67CC200DBB138 /* JYEasyCodeHelper.m in Sources */ = {isa = PBXBuildFile; fileRef = F239B45A25C67CC200DBB138 /* JYEasyCodeHelper.m */; };
		F239B46925C6823300DBB138 /* JYButton.m in Sources */ = {isa = PBXBuildFile; fileRef = F239B46725C6823300DBB138 /* JYButton.m */; };
		F2FEB27425FF0CB5002F5B5B /* FSTextView.m in Sources */ = {isa = PBXBuildFile; fileRef = F2FEB27225FF0CB5002F5B5B /* FSTextView.m */; };
		F2FEB27825FF102B002F5B5B /* NSString+Additions.m in Sources */ = {isa = PBXBuildFile; fileRef = F2FEB27625FF102B002F5B5B /* NSString+Additions.m */; };
		F2FEB27F25FF55F4002F5B5B /* JYPersonModel.m in Sources */ = {isa = PBXBuildFile; fileRef = F2FEB27D25FF55F4002F5B5B /* JYPersonModel.m */; };
/* End PBXBuildFile section */

/* Begin PBXFileReference section */
		2C71ADC05FBB18ED3615307B /* Pods-JYFormHelper.debug.xcconfig */ = {isa = PBXFileReference; includeInIndex = 1; lastKnownFileType = text.xcconfig; name = "Pods-JYFormHelper.debug.xcconfig"; path = "Target Support Files/Pods-JYFormHelper/Pods-JYFormHelper.debug.xcconfig"; sourceTree = "<group>"; };
		A2CE97A01436F946DD5E616B /* Pods-JYFormHelper.release.xcconfig */ = {isa = PBXFileReference; includeInIndex = 1; lastKnownFileType = text.xcconfig; name = "Pods-JYFormHelper.release.xcconfig"; path = "Target Support Files/Pods-JYFormHelper/Pods-JYFormHelper.release.xcconfig"; sourceTree = "<group>"; };
		C4BA80ED659A0A1BA77C51EC /* libPods-JYFormHelper.a */ = {isa = PBXFileReference; explicitFileType = archive.ar; includeInIndex = 0; path = "libPods-JYFormHelper.a"; sourceTree = BUILT_PRODUCTS_DIR; };
		F231165226004E25009A1541 /* JYFormCellMultiLineInformationCell.h */ = {isa = PBXFileReference; fileEncoding = 4; lastKnownFileType = sourcecode.c.h; path = JYFormCellMultiLineInformationCell.h; sourceTree = "<group>"; };
		F231165326004E25009A1541 /* JYFormCellMultiLineInformationCell.m */ = {isa = PBXFileReference; fileEncoding = 4; lastKnownFileType = sourcecode.c.objc; path = JYFormCellMultiLineInformationCell.m; sourceTree = "<group>"; };
		F231165B26004E25009A1541 /* JYFormCell_SectionHeaderLightGrayTitle.m */ = {isa = PBXFileReference; fileEncoding = 4; lastKnownFileType = sourcecode.c.objc; path = JYFormCell_SectionHeaderLightGrayTitle.m; sourceTree = "<group>"; };
		F231165C26004E25009A1541 /* JYFormCell_ClickableTextShowOnly.h */ = {isa = PBXFileReference; fileEncoding = 4; lastKnownFileType = sourcecode.c.h; path = JYFormCell_ClickableTextShowOnly.h; sourceTree = "<group>"; };
		F231165D26004E25009A1541 /* JYFileModel.m */ = {isa = PBXFileReference; fileEncoding = 4; lastKnownFileType = sourcecode.c.objc; path = JYFileModel.m; sourceTree = "<group>"; };
		F231165E26004E25009A1541 /* JYFormCell_SectionHeaderTitleLabel.h */ = {isa = PBXFileReference; fileEncoding = 4; lastKnownFileType = sourcecode.c.h; path = JYFormCell_SectionHeaderTitleLabel.h; sourceTree = "<group>"; };
		F231166126004E25009A1541 /* JYFormCell_SelectShowWithImageCell.m */ = {isa = PBXFileReference; fileEncoding = 4; lastKnownFileType = sourcecode.c.objc; path = JYFormCell_SelectShowWithImageCell.m; sourceTree = "<group>"; };
		F231166226004E25009A1541 /* JYFormCell_GrayBar.h */ = {isa = PBXFileReference; fileEncoding = 4; lastKnownFileType = sourcecode.c.h; path = JYFormCell_GrayBar.h; sourceTree = "<group>"; };
		F231166C26004E25009A1541 /* JYFormCell_ThumbDetailCell.m */ = {isa = PBXFileReference; fileEncoding = 4; lastKnownFileType = sourcecode.c.objc; path = JYFormCell_ThumbDetailCell.m; sourceTree = "<group>"; };
		F231166D26004E25009A1541 /* JYRootFormModel.h */ = {isa = PBXFileReference; fileEncoding = 4; lastKnownFileType = sourcecode.c.h; path = JYRootFormModel.h; sourceTree = "<group>"; };
		F231166E26004E25009A1541 /* JYFormCell_GrayBarWithTitle.h */ = {isa = PBXFileReference; fileEncoding = 4; lastKnownFileType = sourcecode.c.h; path = JYFormCell_GrayBarWithTitle.h; sourceTree = "<group>"; };
		F231166F26004E25009A1541 /* JYFormCell.m */ = {isa = PBXFileReference; fileEncoding = 4; lastKnownFileType = sourcecode.c.objc; path = JYFormCell.m; sourceTree = "<group>"; };
		F231167026004E25009A1541 /* JYFormCell_CommentTextViewInput.h */ = {isa = PBXFileReference; fileEncoding = 4; lastKnownFileType = sourcecode.c.h; path = JYFormCell_CommentTextViewInput.h; sourceTree = "<group>"; };
		F231167126004E25009A1541 /* JYFormCell_LabelSwitch.m */ = {isa = PBXFileReference; fileEncoding = 4; lastKnownFileType = sourcecode.c.objc; path = JYFormCell_LabelSwitch.m; sourceTree = "<group>"; };
		F231167226004E25009A1541 /* JYFormModel.m */ = {isa = PBXFileReference; fileEncoding = 4; lastKnownFileType = sourcecode.c.objc; path = JYFormModel.m; sourceTree = "<group>"; };
		F231167426004E25009A1541 /* JYSingWordCollectionCell.m */ = {isa = PBXFileReference; fileEncoding = 4; lastKnownFileType = sourcecode.c.objc; path = JYSingWordCollectionCell.m; sourceTree = "<group>"; };
		F231167526004E25009A1541 /* JYFormCell_MultiSelect.m */ = {isa = PBXFileReference; fileEncoding = 4; lastKnownFileType = sourcecode.c.objc; path = JYFormCell_MultiSelect.m; sourceTree = "<group>"; };
		F231167626004E25009A1541 /* JYSingWordCollectionCell.h */ = {isa = PBXFileReference; fileEncoding = 4; lastKnownFileType = sourcecode.c.h; path = JYSingWordCollectionCell.h; sourceTree = "<group>"; };
		F231167726004E25009A1541 /* JYFormCell_MultiSelect.h */ = {isa = PBXFileReference; fileEncoding = 4; lastKnownFileType = sourcecode.c.h; path = JYFormCell_MultiSelect.h; sourceTree = "<group>"; };
		F231167826004E25009A1541 /* JYKeyValueModel.m */ = {isa = PBXFileReference; fileEncoding = 4; lastKnownFileType = sourcecode.c.objc; path = JYKeyValueModel.m; sourceTree = "<group>"; };
		F231167926004E25009A1541 /* JYFormViewController.h */ = {isa = PBXFileReference; fileEncoding = 4; lastKnownFileType = sourcecode.c.h; path = JYFormViewController.h; sourceTree = "<group>"; };
		F231167A26004E25009A1541 /* JYRootFormCell.m */ = {isa = PBXFileReference; fileEncoding = 4; lastKnownFileType = sourcecode.c.objc; path = JYRootFormCell.m; sourceTree = "<group>"; };
		F231167B26004E25009A1541 /* JYFormDemoViewController.m */ = {isa = PBXFileReference; fileEncoding = 4; lastKnownFileType = sourcecode.c.objc; path = JYFormDemoViewController.m; sourceTree = "<group>"; };
		F231167D26004E25009A1541 /* JYFormCell_SelectFile.m */ = {isa = PBXFileReference; fileEncoding = 4; lastKnownFileType = sourcecode.c.objc; path = JYFormCell_SelectFile.m; sourceTree = "<group>"; };
		F231167E26004E25009A1541 /* JYFormCell_SelectFileAddCell.m */ = {isa = PBXFileReference; fileEncoding = 4; lastKnownFileType = sourcecode.c.objc; path = JYFormCell_SelectFileAddCell.m; sourceTree = "<group>"; };
		F231167F26004E25009A1541 /* JYFormCell_SelectFileCell.m */ = {isa = PBXFileReference; fileEncoding = 4; lastKnownFileType = sourcecode.c.objc; path = JYFormCell_SelectFileCell.m; sourceTree = "<group>"; };
		F231168026004E25009A1541 /* JYFormCell_SelectFileCell.h */ = {isa = PBXFileReference; fileEncoding = 4; lastKnownFileType = sourcecode.c.h; path = JYFormCell_SelectFileCell.h; sourceTree = "<group>"; };
		F231168126004E25009A1541 /* JYFormCell_SelectFileAddCell.h */ = {isa = PBXFileReference; fileEncoding = 4; lastKnownFileType = sourcecode.c.h; path = JYFormCell_SelectFileAddCell.h; sourceTree = "<group>"; };
		F231168226004E25009A1541 /* JYFormCell_SelectFile.h */ = {isa = PBXFileReference; fileEncoding = 4; lastKnownFileType = sourcecode.c.h; path = JYFormCell_SelectFile.h; sourceTree = "<group>"; };
		F231168326004E25009A1541 /* JYFormCell_SectionHeaderLightGrayTitle.h */ = {isa = PBXFileReference; fileEncoding = 4; lastKnownFileType = sourcecode.c.h; path = JYFormCell_SectionHeaderLightGrayTitle.h; sourceTree = "<group>"; };
		F231168426004E25009A1541 /* JYFormCell_GrayBar.m */ = {isa = PBXFileReference; fileEncoding = 4; lastKnownFileType = sourcecode.c.objc; path = JYFormCell_GrayBar.m; sourceTree = "<group>"; };
		F231168526004E25009A1541 /* JYFormCell_SelectShowWithImageCell.h */ = {isa = PBXFileReference; fileEncoding = 4; lastKnownFileType = sourcecode.c.h; path = JYFormCell_SelectShowWithImageCell.h; sourceTree = "<group>"; };
		F231168826004E25009A1541 /* JYFormCell_SectionHeaderTitleLabel.m */ = {isa = PBXFileReference; fileEncoding = 4; lastKnownFileType = sourcecode.c.objc; path = JYFormCell_SectionHeaderTitleLabel.m; sourceTree = "<group>"; };
		F231168926004E25009A1541 /* JYFileModel.h */ = {isa = PBXFileReference; fileEncoding = 4; lastKnownFileType = sourcecode.c.h; path = JYFileModel.h; sourceTree = "<group>"; };
		F231168A26004E25009A1541 /* JYFormCell_ClickableTextShowOnly.m */ = {isa = PBXFileReference; fileEncoding = 4; lastKnownFileType = sourcecode.c.objc; path = JYFormCell_ClickableTextShowOnly.m; sourceTree = "<group>"; };
		F231168B26004E25009A1541 /* JYFormCell_LabelSwitch.h */ = {isa = PBXFileReference; fileEncoding = 4; lastKnownFileType = sourcecode.c.h; path = JYFormCell_LabelSwitch.h; sourceTree = "<group>"; };
		F231168C26004E25009A1541 /* JYFormModel.h */ = {isa = PBXFileReference; fileEncoding = 4; lastKnownFileType = sourcecode.c.h; path = JYFormModel.h; sourceTree = "<group>"; };
		F231168E26004E25009A1541 /* JYFormCell_SelectPerson.h */ = {isa = PBXFileReference; fileEncoding = 4; lastKnownFileType = sourcecode.c.h; path = JYFormCell_SelectPerson.h; sourceTree = "<group>"; };
		F231169026004E25009A1541 /* JYFormCell_SelectPersonInnerCell.h */ = {isa = PBXFileReference; fileEncoding = 4; lastKnownFileType = sourcecode.c.h; path = JYFormCell_SelectPersonInnerCell.h; sourceTree = "<group>"; };
		F231169126004E25009A1541 /* JYFormCell_SelectPerson.m */ = {isa = PBXFileReference; fileEncoding = 4; lastKnownFileType = sourcecode.c.objc; path = JYFormCell_SelectPerson.m; sourceTree = "<group>"; };
		F231169426004E25009A1541 /* JYFormCell_SelectPersonDetailShowMode.m */ = {isa = PBXFileReference; fileEncoding = 4; lastKnownFileType = sourcecode.c.objc; path = JYFormCell_SelectPersonDetailShowMode.m; sourceTree = "<group>"; };
		F231169526004E25009A1541 /* JYFormCell_SelectPersonDetailShowMode_InnerCell.m */ = {isa = PBXFileReference; fileEncoding = 4; lastKnownFileType = sourcecode.c.objc; path = JYFormCell_SelectPersonDetailShowMode_InnerCell.m; sourceTree = "<group>"; };
		F231169626004E25009A1541 /* JYFormCell_SelectPersonDetailShowMode.h */ = {isa = PBXFileReference; fileEncoding = 4; lastKnownFileType = sourcecode.c.h; path = JYFormCell_SelectPersonDetailShowMode.h; sourceTree = "<group>"; };
		F231169726004E25009A1541 /* JYFormCell_SelectPersonDetailShowMode_InnerCell.h */ = {isa = PBXFileReference; fileEncoding = 4; lastKnownFileType = sourcecode.c.h; path = JYFormCell_SelectPersonDetailShowMode_InnerCell.h; sourceTree = "<group>"; };
		F231169826004E25009A1541 /* JYFormCell_SelectPersonInnerCell.m */ = {isa = PBXFileReference; fileEncoding = 4; lastKnownFileType = sourcecode.c.objc; path = JYFormCell_SelectPersonInnerCell.m; sourceTree = "<group>"; };
		F231169926004E25009A1541 /* JYFormCell_CommentTextViewInput.m */ = {isa = PBXFileReference; fileEncoding = 4; lastKnownFileType = sourcecode.c.objc; path = JYFormCell_CommentTextViewInput.m; sourceTree = "<group>"; };
		F231169A26004E25009A1541 /* JYFormCell_GrayBarWithTitle.m */ = {isa = PBXFileReference; fileEncoding = 4; lastKnownFileType = sourcecode.c.objc; path = JYFormCell_GrayBarWithTitle.m; sourceTree = "<group>"; };
		F231169B26004E25009A1541 /* JYFormCell.h */ = {isa = PBXFileReference; fileEncoding = 4; lastKnownFileType = sourcecode.c.h; path = JYFormCell.h; sourceTree = "<group>"; };
		F231169C26004E25009A1541 /* JYRootFormModel.m */ = {isa = PBXFileReference; fileEncoding = 4; lastKnownFileType = sourcecode.c.objc; path = JYRootFormModel.m; sourceTree = "<group>"; };
		F231169D26004E25009A1541 /* JYFormCell_ThumbDetailCell.h */ = {isa = PBXFileReference; fileEncoding = 4; lastKnownFileType = sourcecode.c.h; path = JYFormCell_ThumbDetailCell.h; sourceTree = "<group>"; };
		F231169E26004E25009A1541 /* JYFormDemoViewController.h */ = {isa = PBXFileReference; fileEncoding = 4; lastKnownFileType = sourcecode.c.h; path = JYFormDemoViewController.h; sourceTree = "<group>"; };
		F231169F26004E25009A1541 /* JYRootFormCell.h */ = {isa = PBXFileReference; fileEncoding = 4; lastKnownFileType = sourcecode.c.h; path = JYRootFormCell.h; sourceTree = "<group>"; };
		F23116A026004E25009A1541 /* JYFormViewController.m */ = {isa = PBXFileReference; fileEncoding = 4; lastKnownFileType = sourcecode.c.objc; path = JYFormViewController.m; sourceTree = "<group>"; };
		F23116A226004E25009A1541 /* JYFormCell_SelectImageInnerCell.h */ = {isa = PBXFileReference; fileEncoding = 4; lastKnownFileType = sourcecode.c.h; path = JYFormCell_SelectImageInnerCell.h; sourceTree = "<group>"; };
		F23116A326004E25009A1541 /* JYFormCell_SelectImageCell.h */ = {isa = PBXFileReference; fileEncoding = 4; lastKnownFileType = sourcecode.c.h; path = JYFormCell_SelectImageCell.h; sourceTree = "<group>"; };
		F23116A426004E25009A1541 /* JYFormCell_SelectImageInnerCell.m */ = {isa = PBXFileReference; fileEncoding = 4; lastKnownFileType = sourcecode.c.objc; path = JYFormCell_SelectImageInnerCell.m; sourceTree = "<group>"; };
		F23116A526004E25009A1541 /* JYFormCell_SelectImageCell.m */ = {isa = PBXFileReference; fileEncoding = 4; lastKnownFileType = sourcecode.c.objc; path = JYFormCell_SelectImageCell.m; sourceTree = "<group>"; };
		F23116A626004E25009A1541 /* JYKeyValueModel.h */ = {isa = PBXFileReference; fileEncoding = 4; lastKnownFileType = sourcecode.c.h; path = JYKeyValueModel.h; sourceTree = "<group>"; };
		F23116A826004E25009A1541 /* JYFormCell_RadioSelectInnerCell.m */ = {isa = PBXFileReference; fileEncoding = 4; lastKnownFileType = sourcecode.c.objc; path = JYFormCell_RadioSelectInnerCell.m; sourceTree = "<group>"; };
		F23116A926004E25009A1541 /* JYFormCell_RadioSelect.h */ = {isa = PBXFileReference; fileEncoding = 4; lastKnownFileType = sourcecode.c.h; path = JYFormCell_RadioSelect.h; sourceTree = "<group>"; };
		F23116AA26004E25009A1541 /* JYFormCell_RadioSelectInnerCell.h */ = {isa = PBXFileReference; fileEncoding = 4; lastKnownFileType = sourcecode.c.h; path = JYFormCell_RadioSelectInnerCell.h; sourceTree = "<group>"; };
		F23116AB26004E25009A1541 /* JYFormCell_RadioSelect.m */ = {isa = PBXFileReference; fileEncoding = 4; lastKnownFileType = sourcecode.c.objc; path = JYFormCell_RadioSelect.m; sourceTree = "<group>"; };
		F23116FB2601A57A009A1541 /* JYTestModel.h */ = {isa = PBXFileReference; lastKnownFileType = sourcecode.c.h; path = JYTestModel.h; sourceTree = "<group>"; };
		F23116FC2601A57A009A1541 /* JYTestModel.m */ = {isa = PBXFileReference; lastKnownFileType = sourcecode.c.objc; path = JYTestModel.m; sourceTree = "<group>"; };
		F23117052606EC6D009A1541 /* JYTableViewControllerDemo.m */ = {isa = PBXFileReference; fileEncoding = 4; lastKnownFileType = sourcecode.c.objc; path = JYTableViewControllerDemo.m; sourceTree = "<group>"; };
		F23117062606EC6D009A1541 /* JYTableViewControllerDemo.h */ = {isa = PBXFileReference; fileEncoding = 4; lastKnownFileType = sourcecode.c.h; path = JYTableViewControllerDemo.h; sourceTree = "<group>"; };
		F23117072606EC6D009A1541 /* JYTableViewController.h */ = {isa = PBXFileReference; fileEncoding = 4; lastKnownFileType = sourcecode.c.h; path = JYTableViewController.h; sourceTree = "<group>"; };
		F23117082606EC6D009A1541 /* JYTableViewController.m */ = {isa = PBXFileReference; fileEncoding = 4; lastKnownFileType = sourcecode.c.objc; path = JYTableViewController.m; sourceTree = "<group>"; };
		F23117282606F4DF009A1541 /* JYPersonSelectCell.h */ = {isa = PBXFileReference; lastKnownFileType = sourcecode.c.h; path = JYPersonSelectCell.h; sourceTree = "<group>"; };
		F23117292606F4DF009A1541 /* JYPersonSelectCell.m */ = {isa = PBXFileReference; lastKnownFileType = sourcecode.c.objc; path = JYPersonSelectCell.m; sourceTree = "<group>"; };
		F239B41D25C65D1200DBB138 /* JYFormHelper.app */ = {isa = PBXFileReference; explicitFileType = wrapper.application; includeInIndex = 0; path = JYFormHelper.app; sourceTree = BUILT_PRODUCTS_DIR; };
		F239B42025C65D1200DBB138 /* AppDelegate.h */ = {isa = PBXFileReference; lastKnownFileType = sourcecode.c.h; path = AppDelegate.h; sourceTree = "<group>"; };
		F239B42125C65D1200DBB138 /* AppDelegate.m */ = {isa = PBXFileReference; lastKnownFileType = sourcecode.c.objc; path = AppDelegate.m; sourceTree = "<group>"; };
		F239B42625C65D1200DBB138 /* ViewController.h */ = {isa = PBXFileReference; lastKnownFileType = sourcecode.c.h; path = ViewController.h; sourceTree = "<group>"; };
		F239B42725C65D1200DBB138 /* ViewController.m */ = {isa = PBXFileReference; lastKnownFileType = sourcecode.c.objc; path = ViewController.m; sourceTree = "<group>"; };
		F239B42A25C65D1200DBB138 /* Base */ = {isa = PBXFileReference; lastKnownFileType = file.storyboard; name = Base; path = Base.lproj/Main.storyboard; sourceTree = "<group>"; };
		F239B42C25C65D1400DBB138 /* Assets.xcassets */ = {isa = PBXFileReference; lastKnownFileType = folder.assetcatalog; path = Assets.xcassets; sourceTree = "<group>"; };
		F239B42F25C65D1400DBB138 /* Base */ = {isa = PBXFileReference; lastKnownFileType = file.storyboard; name = Base; path = Base.lproj/LaunchScreen.storyboard; sourceTree = "<group>"; };
		F239B43125C65D1400DBB138 /* Info.plist */ = {isa = PBXFileReference; lastKnownFileType = text.plist.xml; path = Info.plist; sourceTree = "<group>"; };
		F239B43225C65D1400DBB138 /* main.m */ = {isa = PBXFileReference; lastKnownFileType = sourcecode.c.objc; path = main.m; sourceTree = "<group>"; };
		F239B45725C675CD00DBB138 /* PrefixHeader.pch */ = {isa = PBXFileReference; lastKnownFileType = sourcecode.c.h; path = PrefixHeader.pch; sourceTree = "<group>"; };
		F239B45925C67CC200DBB138 /* JYEasyCodeHelper.h */ = {isa = PBXFileReference; lastKnownFileType = sourcecode.c.h; path = JYEasyCodeHelper.h; sourceTree = "<group>"; };
		F239B45A25C67CC200DBB138 /* JYEasyCodeHelper.m */ = {isa = PBXFileReference; lastKnownFileType = sourcecode.c.objc; path = JYEasyCodeHelper.m; sourceTree = "<group>"; };
		F239B46725C6823300DBB138 /* JYButton.m */ = {isa = PBXFileReference; fileEncoding = 4; lastKnownFileType = sourcecode.c.objc; path = JYButton.m; sourceTree = "<group>"; };
		F239B46825C6823300DBB138 /* JYButton.h */ = {isa = PBXFileReference; fileEncoding = 4; lastKnownFileType = sourcecode.c.h; path = JYButton.h; sourceTree = "<group>"; };
		F2FEB27225FF0CB5002F5B5B /* FSTextView.m */ = {isa = PBXFileReference; fileEncoding = 4; lastKnownFileType = sourcecode.c.objc; path = FSTextView.m; sourceTree = "<group>"; };
		F2FEB27325FF0CB5002F5B5B /* FSTextView.h */ = {isa = PBXFileReference; fileEncoding = 4; lastKnownFileType = sourcecode.c.h; path = FSTextView.h; sourceTree = "<group>"; };
		F2FEB27625FF102B002F5B5B /* NSString+Additions.m */ = {isa = PBXFileReference; fileEncoding = 4; lastKnownFileType = sourcecode.c.objc; path = "NSString+Additions.m"; sourceTree = "<group>"; };
		F2FEB27725FF102B002F5B5B /* NSString+Additions.h */ = {isa = PBXFileReference; fileEncoding = 4; lastKnownFileType = sourcecode.c.h; path = "NSString+Additions.h"; sourceTree = "<group>"; };
		F2FEB27D25FF55F4002F5B5B /* JYPersonModel.m */ = {isa = PBXFileReference; fileEncoding = 4; lastKnownFileType = sourcecode.c.objc; path = JYPersonModel.m; sourceTree = "<group>"; };
		F2FEB27E25FF55F4002F5B5B /* JYPersonModel.h */ = {isa = PBXFileReference; fileEncoding = 4; lastKnownFileType = sourcecode.c.h; path = JYPersonModel.h; sourceTree = "<group>"; };
/* End PBXFileReference section */

/* Begin PBXFrameworksBuildPhase section */
		F239B41A25C65D1200DBB138 /* Frameworks */ = {
			isa = PBXFrameworksBuildPhase;
			buildActionMask = 2147483647;
			files = (
				BB6AE1FD186171D0BBADB8DF /* libPods-JYFormHelper.a in Frameworks */,
			);
			runOnlyForDeploymentPostprocessing = 0;
		};
/* End PBXFrameworksBuildPhase section */

/* Begin PBXGroup section */
		2DEDBEC3DA0F4D6972A765FE /* Frameworks */ = {
			isa = PBXGroup;
			children = (
				C4BA80ED659A0A1BA77C51EC /* libPods-JYFormHelper.a */,
			);
			name = Frameworks;
			sourceTree = "<group>";
		};
		B773350A2B6E602DDDA653F2 /* Pods */ = {
			isa = PBXGroup;
			children = (
				2C71ADC05FBB18ED3615307B /* Pods-JYFormHelper.debug.xcconfig */,
				A2CE97A01436F946DD5E616B /* Pods-JYFormHelper.release.xcconfig */,
			);
			path = Pods;
			sourceTree = "<group>";
		};
		F231165026004E25009A1541 /* JYFormHelper */ = {
			isa = PBXGroup;
			children = (
				F23116D92600597A009A1541 /* JYKeyValueModel */,
				F23116DA260059AB009A1541 /* JYFileModel */,
				F23116DB260059C4009A1541 /* JYFormModel */,
				F23116DC260059E3009A1541 /* JYRootFormCell */,
				F23116DE260059F1009A1541 /* JYRootFormModel */,
				F23116E026005A1F009A1541 /* JYFormCell */,
				F23116E226005A2A009A1541 /* JYFormCell_ClickableTextShowOnly */,
				F23116E326005A35009A1541 /* JYFormCell_GrayBar */,
				F23116E526005A40009A1541 /* JYFormCell_CommentTextViewInput */,
				F23116E726005A5B009A1541 /* JYFormCell_SectionHeaderLightGrayTitle */,
				F23116E926005A66009A1541 /* JYFormCell_LabelSwitch */,
				F23116A726004E25009A1541 /* JYFormCell_RadioSelect */,
				F23116A126004E25009A1541 /* JYFormCell_SelectImage */,
				F231168D26004E25009A1541 /* JYFormCell_SelectPerson */,
				F231167C26004E25009A1541 /* JYFormCell_SelectFile */,
				F231165126004E25009A1541 /* JYFormCellMultiLineInfomation */,
				F231167326004E25009A1541 /* JYFormCell_MultiSelect */,
				F23116EB26005AD4009A1541 /* JYFormCell_ThumbDetailCell */,
				F23116ED26005AED009A1541 /* JYFormCell_SectionHeaderTitleLabel */,
				F23116EF26005B00009A1541 /* JYFormCell_SelectShowWithImageCell */,
				F23116F126005B0A009A1541 /* JYFormCell_GrayBarWithTitle */,
				F231167926004E25009A1541 /* JYFormViewController.h */,
				F23116A026004E25009A1541 /* JYFormViewController.m */,
				F231169E26004E25009A1541 /* JYFormDemoViewController.h */,
				F231167B26004E25009A1541 /* JYFormDemoViewController.m */,
			);
			path = JYFormHelper;
			sourceTree = "<group>";
		};
		F231165126004E25009A1541 /* JYFormCellMultiLineInfomation */ = {
			isa = PBXGroup;
			children = (
				F231165226004E25009A1541 /* JYFormCellMultiLineInformationCell.h */,
				F231165326004E25009A1541 /* JYFormCellMultiLineInformationCell.m */,
			);
			path = JYFormCellMultiLineInfomation;
			sourceTree = "<group>";
		};
		F231167326004E25009A1541 /* JYFormCell_MultiSelect */ = {
			isa = PBXGroup;
			children = (
				F231167426004E25009A1541 /* JYSingWordCollectionCell.m */,
				F231167526004E25009A1541 /* JYFormCell_MultiSelect.m */,
				F231167626004E25009A1541 /* JYSingWordCollectionCell.h */,
				F231167726004E25009A1541 /* JYFormCell_MultiSelect.h */,
			);
			path = JYFormCell_MultiSelect;
			sourceTree = "<group>";
		};
		F231167C26004E25009A1541 /* JYFormCell_SelectFile */ = {
			isa = PBXGroup;
			children = (
				F231167D26004E25009A1541 /* JYFormCell_SelectFile.m */,
				F231167E26004E25009A1541 /* JYFormCell_SelectFileAddCell.m */,
				F231167F26004E25009A1541 /* JYFormCell_SelectFileCell.m */,
				F231168026004E25009A1541 /* JYFormCell_SelectFileCell.h */,
				F231168126004E25009A1541 /* JYFormCell_SelectFileAddCell.h */,
				F231168226004E25009A1541 /* JYFormCell_SelectFile.h */,
			);
			path = JYFormCell_SelectFile;
			sourceTree = "<group>";
		};
		F231168D26004E25009A1541 /* JYFormCell_SelectPerson */ = {
			isa = PBXGroup;
			children = (
				F231168E26004E25009A1541 /* JYFormCell_SelectPerson.h */,
				F231169126004E25009A1541 /* JYFormCell_SelectPerson.m */,
				F231169026004E25009A1541 /* JYFormCell_SelectPersonInnerCell.h */,
				F231169826004E25009A1541 /* JYFormCell_SelectPersonInnerCell.m */,
				F231169326004E25009A1541 /* JYFormCell_SelectPersonDetailShowMode */,
			);
			path = JYFormCell_SelectPerson;
			sourceTree = "<group>";
		};
		F231169326004E25009A1541 /* JYFormCell_SelectPersonDetailShowMode */ = {
			isa = PBXGroup;
			children = (
				F231169426004E25009A1541 /* JYFormCell_SelectPersonDetailShowMode.m */,
				F231169526004E25009A1541 /* JYFormCell_SelectPersonDetailShowMode_InnerCell.m */,
				F231169626004E25009A1541 /* JYFormCell_SelectPersonDetailShowMode.h */,
				F231169726004E25009A1541 /* JYFormCell_SelectPersonDetailShowMode_InnerCell.h */,
			);
			path = JYFormCell_SelectPersonDetailShowMode;
			sourceTree = "<group>";
		};
		F23116A126004E25009A1541 /* JYFormCell_SelectImage */ = {
			isa = PBXGroup;
			children = (
				F23116A226004E25009A1541 /* JYFormCell_SelectImageInnerCell.h */,
				F23116A326004E25009A1541 /* JYFormCell_SelectImageCell.h */,
				F23116A426004E25009A1541 /* JYFormCell_SelectImageInnerCell.m */,
				F23116A526004E25009A1541 /* JYFormCell_SelectImageCell.m */,
			);
			path = JYFormCell_SelectImage;
			sourceTree = "<group>";
		};
		F23116A726004E25009A1541 /* JYFormCell_RadioSelect */ = {
			isa = PBXGroup;
			children = (
				F23116A926004E25009A1541 /* JYFormCell_RadioSelect.h */,
				F23116AB26004E25009A1541 /* JYFormCell_RadioSelect.m */,
				F23116AA26004E25009A1541 /* JYFormCell_RadioSelectInnerCell.h */,
				F23116A826004E25009A1541 /* JYFormCell_RadioSelectInnerCell.m */,
			);
			path = JYFormCell_RadioSelect;
			sourceTree = "<group>";
		};
		F23116D92600597A009A1541 /* JYKeyValueModel */ = {
			isa = PBXGroup;
			children = (
				F23116A626004E25009A1541 /* JYKeyValueModel.h */,
				F231167826004E25009A1541 /* JYKeyValueModel.m */,
			);
			path = JYKeyValueModel;
			sourceTree = "<group>";
		};
		F23116DA260059AB009A1541 /* JYFileModel */ = {
			isa = PBXGroup;
			children = (
				F231168926004E25009A1541 /* JYFileModel.h */,
				F231165D26004E25009A1541 /* JYFileModel.m */,
			);
			path = JYFileModel;
			sourceTree = "<group>";
		};
		F23116DB260059C4009A1541 /* JYFormModel */ = {
			isa = PBXGroup;
			children = (
				F231167226004E25009A1541 /* JYFormModel.m */,
				F231168C26004E25009A1541 /* JYFormModel.h */,
			);
			path = JYFormModel;
			sourceTree = "<group>";
		};
		F23116DC260059E3009A1541 /* JYRootFormCell */ = {
			isa = PBXGroup;
			children = (
				F231167A26004E25009A1541 /* JYRootFormCell.m */,
				F231169F26004E25009A1541 /* JYRootFormCell.h */,
			);
			path = JYRootFormCell;
			sourceTree = "<group>";
		};
		F23116DE260059F1009A1541 /* JYRootFormModel */ = {
			isa = PBXGroup;
			children = (
				F231166D26004E25009A1541 /* JYRootFormModel.h */,
				F231169C26004E25009A1541 /* JYRootFormModel.m */,
			);
			path = JYRootFormModel;
			sourceTree = "<group>";
		};
		F23116E026005A1F009A1541 /* JYFormCell */ = {
			isa = PBXGroup;
			children = (
				F231166F26004E25009A1541 /* JYFormCell.m */,
				F231169B26004E25009A1541 /* JYFormCell.h */,
			);
			path = JYFormCell;
			sourceTree = "<group>";
		};
		F23116E226005A2A009A1541 /* JYFormCell_ClickableTextShowOnly */ = {
			isa = PBXGroup;
			children = (
				F231165C26004E25009A1541 /* JYFormCell_ClickableTextShowOnly.h */,
				F231168A26004E25009A1541 /* JYFormCell_ClickableTextShowOnly.m */,
			);
			path = JYFormCell_ClickableTextShowOnly;
			sourceTree = "<group>";
		};
		F23116E326005A35009A1541 /* JYFormCell_GrayBar */ = {
			isa = PBXGroup;
			children = (
				F231166226004E25009A1541 /* JYFormCell_GrayBar.h */,
				F231168426004E25009A1541 /* JYFormCell_GrayBar.m */,
			);
			path = JYFormCell_GrayBar;
			sourceTree = "<group>";
		};
		F23116E526005A40009A1541 /* JYFormCell_CommentTextViewInput */ = {
			isa = PBXGroup;
			children = (
				F231167026004E25009A1541 /* JYFormCell_CommentTextViewInput.h */,
				F231169926004E25009A1541 /* JYFormCell_CommentTextViewInput.m */,
			);
			path = JYFormCell_CommentTextViewInput;
			sourceTree = "<group>";
		};
		F23116E726005A5B009A1541 /* JYFormCell_SectionHeaderLightGrayTitle */ = {
			isa = PBXGroup;
			children = (
				F231168326004E25009A1541 /* JYFormCell_SectionHeaderLightGrayTitle.h */,
				F231165B26004E25009A1541 /* JYFormCell_SectionHeaderLightGrayTitle.m */,
			);
			path = JYFormCell_SectionHeaderLightGrayTitle;
			sourceTree = "<group>";
		};
		F23116E926005A66009A1541 /* JYFormCell_LabelSwitch */ = {
			isa = PBXGroup;
			children = (
				F231167126004E25009A1541 /* JYFormCell_LabelSwitch.m */,
				F231168B26004E25009A1541 /* JYFormCell_LabelSwitch.h */,
			);
			path = JYFormCell_LabelSwitch;
			sourceTree = "<group>";
		};
		F23116EB26005AD4009A1541 /* JYFormCell_ThumbDetailCell */ = {
			isa = PBXGroup;
			children = (
				F231169D26004E25009A1541 /* JYFormCell_ThumbDetailCell.h */,
				F231166C26004E25009A1541 /* JYFormCell_ThumbDetailCell.m */,
			);
			path = JYFormCell_ThumbDetailCell;
			sourceTree = "<group>";
		};
		F23116ED26005AED009A1541 /* JYFormCell_SectionHeaderTitleLabel */ = {
			isa = PBXGroup;
			children = (
				F231165E26004E25009A1541 /* JYFormCell_SectionHeaderTitleLabel.h */,
				F231168826004E25009A1541 /* JYFormCell_SectionHeaderTitleLabel.m */,
			);
			path = JYFormCell_SectionHeaderTitleLabel;
			sourceTree = "<group>";
		};
		F23116EF26005B00009A1541 /* JYFormCell_SelectShowWithImageCell */ = {
			isa = PBXGroup;
			children = (
				F231168526004E25009A1541 /* JYFormCell_SelectShowWithImageCell.h */,
				F231166126004E25009A1541 /* JYFormCell_SelectShowWithImageCell.m */,
			);
			path = JYFormCell_SelectShowWithImageCell;
			sourceTree = "<group>";
		};
		F23116F126005B0A009A1541 /* JYFormCell_GrayBarWithTitle */ = {
			isa = PBXGroup;
			children = (
				F231166E26004E25009A1541 /* JYFormCell_GrayBarWithTitle.h */,
				F231169A26004E25009A1541 /* JYFormCell_GrayBarWithTitle.m */,
			);
			path = JYFormCell_GrayBarWithTitle;
			sourceTree = "<group>";
		};
		F23117042606EC5F009A1541 /* JYTableViewController */ = {
			isa = PBXGroup;
			children = (
				F23117072606EC6D009A1541 /* JYTableViewController.h */,
				F23117082606EC6D009A1541 /* JYTableViewController.m */,
				F23117062606EC6D009A1541 /* JYTableViewControllerDemo.h */,
				F23117052606EC6D009A1541 /* JYTableViewControllerDemo.m */,
				F23117282606F4DF009A1541 /* JYPersonSelectCell.h */,
				F23117292606F4DF009A1541 /* JYPersonSelectCell.m */,
			);
			path = JYTableViewController;
			sourceTree = "<group>";
		};
		F239B41425C65D1200DBB138 = {
			isa = PBXGroup;
			children = (
				F231165026004E25009A1541 /* JYFormHelper */,
				F239B42025C65D1200DBB138 /* AppDelegate.h */,
				F239B42125C65D1200DBB138 /* AppDelegate.m */,
				F2FEB26D25FF0B1A002F5B5B /* accessories */,
				F239B42625C65D1200DBB138 /* ViewController.h */,
				F239B42725C65D1200DBB138 /* ViewController.m */,
				F23117042606EC5F009A1541 /* JYTableViewController */,
				F239B42925C65D1200DBB138 /* Main.storyboard */,
				F239B42C25C65D1400DBB138 /* Assets.xcassets */,
				F239B42E25C65D1400DBB138 /* LaunchScreen.storyboard */,
				F239B45725C675CD00DBB138 /* PrefixHeader.pch */,
				F239B45925C67CC200DBB138 /* JYEasyCodeHelper.h */,
				F239B45A25C67CC200DBB138 /* JYEasyCodeHelper.m */,
				F239B46825C6823300DBB138 /* JYButton.h */,
				F239B46725C6823300DBB138 /* JYButton.m */,
				F239B43125C65D1400DBB138 /* Info.plist */,
				F239B43225C65D1400DBB138 /* main.m */,
				F239B41E25C65D1200DBB138 /* Products */,
				B773350A2B6E602DDDA653F2 /* Pods */,
				2DEDBEC3DA0F4D6972A765FE /* Frameworks */,
			);
			sourceTree = "<group>";
		};
		F239B41E25C65D1200DBB138 /* Products */ = {
			isa = PBXGroup;
			children = (
				F239B41D25C65D1200DBB138 /* JYFormHelper.app */,
			);
			name = Products;
			sourceTree = "<group>";
		};
		F2FEB26D25FF0B1A002F5B5B /* accessories */ = {
			isa = PBXGroup;
			children = (
				F2FEB27325FF0CB5002F5B5B /* FSTextView.h */,
				F2FEB27225FF0CB5002F5B5B /* FSTextView.m */,
				F2FEB27725FF102B002F5B5B /* NSString+Additions.h */,
				F2FEB27625FF102B002F5B5B /* NSString+Additions.m */,
				F2FEB27E25FF55F4002F5B5B /* JYPersonModel.h */,
				F2FEB27D25FF55F4002F5B5B /* JYPersonModel.m */,
				F23116FB2601A57A009A1541 /* JYTestModel.h */,
				F23116FC2601A57A009A1541 /* JYTestModel.m */,
			);
			path = accessories;
			sourceTree = "<group>";
		};
/* End PBXGroup section */

/* Begin PBXNativeTarget section */
		F239B41C25C65D1200DBB138 /* JYFormHelper */ = {
			isa = PBXNativeTarget;
			buildConfigurationList = F239B43625C65D1400DBB138 /* Build configuration list for PBXNativeTarget "JYFormHelper" */;
			buildPhases = (
				AC9610589BE02BDA1B7E0814 /* [CP] Check Pods Manifest.lock */,
				F239B41925C65D1200DBB138 /* Sources */,
				F239B41A25C65D1200DBB138 /* Frameworks */,
				F239B41B25C65D1200DBB138 /* Resources */,
				0431053529559E760AAFFF0A /* [CP] Copy Pods Resources */,
			);
			buildRules = (
			);
			dependencies = (
			);
			name = JYFormHelper;
			productName = JYFormHelper;
			productReference = F239B41D25C65D1200DBB138 /* JYFormHelper.app */;
			productType = "com.apple.product-type.application";
		};
/* End PBXNativeTarget section */

/* Begin PBXProject section */
		F239B41525C65D1200DBB138 /* Project object */ = {
			isa = PBXProject;
			attributes = {
				LastUpgradeCheck = 1220;
				TargetAttributes = {
					F239B41C25C65D1200DBB138 = {
						CreatedOnToolsVersion = 12.2;
					};
				};
			};
			buildConfigurationList = F239B41825C65D1200DBB138 /* Build configuration list for PBXProject "JYFormHelper" */;
			compatibilityVersion = "Xcode 9.3";
			developmentRegion = en;
			hasScannedForEncodings = 0;
			knownRegions = (
				en,
				Base,
			);
			mainGroup = F239B41425C65D1200DBB138;
			productRefGroup = F239B41E25C65D1200DBB138 /* Products */;
			projectDirPath = "";
			projectRoot = "";
			targets = (
				F239B41C25C65D1200DBB138 /* JYFormHelper */,
			);
		};
/* End PBXProject section */

/* Begin PBXResourcesBuildPhase section */
		F239B41B25C65D1200DBB138 /* Resources */ = {
			isa = PBXResourcesBuildPhase;
			buildActionMask = 2147483647;
			files = (
				F239B43025C65D1400DBB138 /* LaunchScreen.storyboard in Resources */,
				F239B42D25C65D1400DBB138 /* Assets.xcassets in Resources */,
				F239B42B25C65D1200DBB138 /* Main.storyboard in Resources */,
			);
			runOnlyForDeploymentPostprocessing = 0;
		};
/* End PBXResourcesBuildPhase section */

/* Begin PBXShellScriptBuildPhase section */
		0431053529559E760AAFFF0A /* [CP] Copy Pods Resources */ = {
			isa = PBXShellScriptBuildPhase;
			buildActionMask = 2147483647;
			files = (
			);
			inputFileListPaths = (
			);
			name = "[CP] Copy Pods Resources";
			outputFileListPaths = (
			);
			runOnlyForDeploymentPostprocessing = 0;
			shellPath = /bin/sh;
			shellScript = "\"${PODS_ROOT}/Target Support Files/Pods-JYFormHelper/Pods-JYFormHelper-resources.sh\"\n";
			showEnvVarsInLog = 0;
		};
		AC9610589BE02BDA1B7E0814 /* [CP] Check Pods Manifest.lock */ = {
			isa = PBXShellScriptBuildPhase;
			buildActionMask = 2147483647;
			files = (
			);
			inputFileListPaths = (
			);
			inputPaths = (
				"${PODS_PODFILE_DIR_PATH}/Podfile.lock",
				"${PODS_ROOT}/Manifest.lock",
			);
			name = "[CP] Check Pods Manifest.lock";
			outputFileListPaths = (
			);
			outputPaths = (
				"$(DERIVED_FILE_DIR)/Pods-JYFormHelper-checkManifestLockResult.txt",
			);
			runOnlyForDeploymentPostprocessing = 0;
			shellPath = /bin/sh;
			shellScript = "diff \"${PODS_PODFILE_DIR_PATH}/Podfile.lock\" \"${PODS_ROOT}/Manifest.lock\" > /dev/null\nif [ $? != 0 ] ; then\n    # print error to STDERR\n    echo \"error: The sandbox is not in sync with the Podfile.lock. Run 'pod install' or update your CocoaPods installation.\" >&2\n    exit 1\nfi\n# This output is used by Xcode 'outputs' to avoid re-running this script phase.\necho \"SUCCESS\" > \"${SCRIPT_OUTPUT_FILE_0}\"\n";
			showEnvVarsInLog = 0;
		};
/* End PBXShellScriptBuildPhase section */

/* Begin PBXSourcesBuildPhase section */
		F239B41925C65D1200DBB138 /* Sources */ = {
			isa = PBXSourcesBuildPhase;
			buildActionMask = 2147483647;
			files = (
				F23116BB26004E25009A1541 /* JYFormModel.m in Sources */,
				F23116C026004E25009A1541 /* JYFormDemoViewController.m in Sources */,
				F23116CE26004E25009A1541 /* JYFormCell_GrayBarWithTitle.m in Sources */,
				F23116B126004E25009A1541 /* JYFileModel.m in Sources */,
				F23116C726004E25009A1541 /* JYFormCell_ClickableTextShowOnly.m in Sources */,
				F23116D326004E25009A1541 /* JYFormCell_RadioSelectInnerCell.m in Sources */,
				F23116FD2601A57A009A1541 /* JYTestModel.m in Sources */,
				F23116B826004E25009A1541 /* JYFormCell_ThumbDetailCell.m in Sources */,
				F23116B926004E25009A1541 /* JYFormCell.m in Sources */,
				F23116C426004E25009A1541 /* JYFormCell_GrayBar.m in Sources */,
				F23116BC26004E25009A1541 /* JYSingWordCollectionCell.m in Sources */,
				F23116CF26004E25009A1541 /* JYRootFormModel.m in Sources */,
				F239B46925C6823300DBB138 /* JYButton.m in Sources */,
				F23116D026004E25009A1541 /* JYFormViewController.m in Sources */,
				F23116C126004E25009A1541 /* JYFormCell_SelectFile.m in Sources */,
				F23116CB26004E25009A1541 /* JYFormCell_SelectPersonDetailShowMode_InnerCell.m in Sources */,
				F231170A2606EC6E009A1541 /* JYTableViewController.m in Sources */,
				F2FEB27F25FF55F4002F5B5B /* JYPersonModel.m in Sources */,
				F23116C326004E25009A1541 /* JYFormCell_SelectFileCell.m in Sources */,
				F23116BD26004E25009A1541 /* JYFormCell_MultiSelect.m in Sources */,
				F23116C626004E25009A1541 /* JYFormCell_SectionHeaderTitleLabel.m in Sources */,
				F23116BA26004E25009A1541 /* JYFormCell_LabelSwitch.m in Sources */,
				F23116BE26004E25009A1541 /* JYKeyValueModel.m in Sources */,
				F23116BF26004E25009A1541 /* JYRootFormCell.m in Sources */,
				F23116B326004E25009A1541 /* JYFormCell_SelectShowWithImageCell.m in Sources */,
				F239B42825C65D1200DBB138 /* ViewController.m in Sources */,
				F23116D426004E25009A1541 /* JYFormCell_RadioSelect.m in Sources */,
				F23116CC26004E25009A1541 /* JYFormCell_SelectPersonInnerCell.m in Sources */,
				F2FEB27425FF0CB5002F5B5B /* FSTextView.m in Sources */,
				F23116D126004E25009A1541 /* JYFormCell_SelectImageInnerCell.m in Sources */,
				F23116C826004E25009A1541 /* JYFormCell_SelectPerson.m in Sources */,
				F239B42225C65D1200DBB138 /* AppDelegate.m in Sources */,
				F23116AC26004E25009A1541 /* JYFormCellMultiLineInformationCell.m in Sources */,
				F23117092606EC6E009A1541 /* JYTableViewControllerDemo.m in Sources */,
				F23116CA26004E25009A1541 /* JYFormCell_SelectPersonDetailShowMode.m in Sources */,
				F23116CD26004E25009A1541 /* JYFormCell_CommentTextViewInput.m in Sources */,
				F23116B026004E25009A1541 /* JYFormCell_SectionHeaderLightGrayTitle.m in Sources */,
				F239B43325C65D1400DBB138 /* main.m in Sources */,
				F239B45B25C67CC200DBB138 /* JYEasyCodeHelper.m in Sources */,
				F2FEB27825FF102B002F5B5B /* NSString+Additions.m in Sources */,
				F231172A2606F4DF009A1541 /* JYPersonSelectCell.m in Sources */,
				F23116D226004E25009A1541 /* JYFormCell_SelectImageCell.m in Sources */,
				F23116C226004E25009A1541 /* JYFormCell_SelectFileAddCell.m in Sources */,
			);
			runOnlyForDeploymentPostprocessing = 0;
		};
/* End PBXSourcesBuildPhase section */

/* Begin PBXVariantGroup section */
		F239B42925C65D1200DBB138 /* Main.storyboard */ = {
			isa = PBXVariantGroup;
			children = (
				F239B42A25C65D1200DBB138 /* Base */,
			);
			name = Main.storyboard;
			sourceTree = "<group>";
		};
		F239B42E25C65D1400DBB138 /* LaunchScreen.storyboard */ = {
			isa = PBXVariantGroup;
			children = (
				F239B42F25C65D1400DBB138 /* Base */,
			);
			name = LaunchScreen.storyboard;
			sourceTree = "<group>";
		};
/* End PBXVariantGroup section */

/* Begin XCBuildConfiguration section */
		F239B43425C65D1400DBB138 /* Debug */ = {
			isa = XCBuildConfiguration;
			buildSettings = {
				ALWAYS_SEARCH_USER_PATHS = NO;
				CLANG_ANALYZER_NONNULL = YES;
				CLANG_ANALYZER_NUMBER_OBJECT_CONVERSION = YES_AGGRESSIVE;
				CLANG_CXX_LANGUAGE_STANDARD = "gnu++14";
				CLANG_CXX_LIBRARY = "libc++";
				CLANG_ENABLE_MODULES = YES;
				CLANG_ENABLE_OBJC_ARC = YES;
				CLANG_ENABLE_OBJC_WEAK = YES;
				CLANG_WARN_BLOCK_CAPTURE_AUTORELEASING = YES;
				CLANG_WARN_BOOL_CONVERSION = YES;
				CLANG_WARN_COMMA = YES;
				CLANG_WARN_CONSTANT_CONVERSION = YES;
				CLANG_WARN_DEPRECATED_OBJC_IMPLEMENTATIONS = YES;
				CLANG_WARN_DIRECT_OBJC_ISA_USAGE = YES_ERROR;
				CLANG_WARN_DOCUMENTATION_COMMENTS = YES;
				CLANG_WARN_EMPTY_BODY = YES;
				CLANG_WARN_ENUM_CONVERSION = YES;
				CLANG_WARN_INFINITE_RECURSION = YES;
				CLANG_WARN_INT_CONVERSION = YES;
				CLANG_WARN_NON_LITERAL_NULL_CONVERSION = YES;
				CLANG_WARN_OBJC_IMPLICIT_RETAIN_SELF = YES;
				CLANG_WARN_OBJC_LITERAL_CONVERSION = YES;
				CLANG_WARN_OBJC_ROOT_CLASS = YES_ERROR;
				CLANG_WARN_QUOTED_INCLUDE_IN_FRAMEWORK_HEADER = YES;
				CLANG_WARN_RANGE_LOOP_ANALYSIS = YES;
				CLANG_WARN_STRICT_PROTOTYPES = YES;
				CLANG_WARN_SUSPICIOUS_MOVE = YES;
				CLANG_WARN_UNGUARDED_AVAILABILITY = YES_AGGRESSIVE;
				CLANG_WARN_UNREACHABLE_CODE = YES;
				CLANG_WARN__DUPLICATE_METHOD_MATCH = YES;
				COPY_PHASE_STRIP = NO;
				DEBUG_INFORMATION_FORMAT = dwarf;
				ENABLE_STRICT_OBJC_MSGSEND = YES;
				ENABLE_TESTABILITY = YES;
				GCC_C_LANGUAGE_STANDARD = gnu11;
				GCC_DYNAMIC_NO_PIC = NO;
				GCC_NO_COMMON_BLOCKS = YES;
				GCC_OPTIMIZATION_LEVEL = 0;
				GCC_PRECOMPILE_PREFIX_HEADER = YES;
				GCC_PREFIX_HEADER = PrefixHeader.pch;
				GCC_PREPROCESSOR_DEFINITIONS = (
					"DEBUG=1",
					"$(inherited)",
				);
				GCC_WARN_64_TO_32_BIT_CONVERSION = YES;
				GCC_WARN_ABOUT_RETURN_TYPE = YES_ERROR;
				GCC_WARN_UNDECLARED_SELECTOR = YES;
				GCC_WARN_UNINITIALIZED_AUTOS = YES_AGGRESSIVE;
				GCC_WARN_UNUSED_FUNCTION = YES;
				GCC_WARN_UNUSED_VARIABLE = YES;
				IPHONEOS_DEPLOYMENT_TARGET = 14.2;
				MTL_ENABLE_DEBUG_INFO = INCLUDE_SOURCE;
				MTL_FAST_MATH = YES;
				ONLY_ACTIVE_ARCH = YES;
				SDKROOT = iphoneos;
			};
			name = Debug;
		};
		F239B43525C65D1400DBB138 /* Release */ = {
			isa = XCBuildConfiguration;
			buildSettings = {
				ALWAYS_SEARCH_USER_PATHS = NO;
				CLANG_ANALYZER_NONNULL = YES;
				CLANG_ANALYZER_NUMBER_OBJECT_CONVERSION = YES_AGGRESSIVE;
				CLANG_CXX_LANGUAGE_STANDARD = "gnu++14";
				CLANG_CXX_LIBRARY = "libc++";
				CLANG_ENABLE_MODULES = YES;
				CLANG_ENABLE_OBJC_ARC = YES;
				CLANG_ENABLE_OBJC_WEAK = YES;
				CLANG_WARN_BLOCK_CAPTURE_AUTORELEASING = YES;
				CLANG_WARN_BOOL_CONVERSION = YES;
				CLANG_WARN_COMMA = YES;
				CLANG_WARN_CONSTANT_CONVERSION = YES;
				CLANG_WARN_DEPRECATED_OBJC_IMPLEMENTATIONS = YES;
				CLANG_WARN_DIRECT_OBJC_ISA_USAGE = YES_ERROR;
				CLANG_WARN_DOCUMENTATION_COMMENTS = YES;
				CLANG_WARN_EMPTY_BODY = YES;
				CLANG_WARN_ENUM_CONVERSION = YES;
				CLANG_WARN_INFINITE_RECURSION = YES;
				CLANG_WARN_INT_CONVERSION = YES;
				CLANG_WARN_NON_LITERAL_NULL_CONVERSION = YES;
				CLANG_WARN_OBJC_IMPLICIT_RETAIN_SELF = YES;
				CLANG_WARN_OBJC_LITERAL_CONVERSION = YES;
				CLANG_WARN_OBJC_ROOT_CLASS = YES_ERROR;
				CLANG_WARN_QUOTED_INCLUDE_IN_FRAMEWORK_HEADER = YES;
				CLANG_WARN_RANGE_LOOP_ANALYSIS = YES;
				CLANG_WARN_STRICT_PROTOTYPES = YES;
				CLANG_WARN_SUSPICIOUS_MOVE = YES;
				CLANG_WARN_UNGUARDED_AVAILABILITY = YES_AGGRESSIVE;
				CLANG_WARN_UNREACHABLE_CODE = YES;
				CLANG_WARN__DUPLICATE_METHOD_MATCH = YES;
				COPY_PHASE_STRIP = NO;
				DEBUG_INFORMATION_FORMAT = "dwarf-with-dsym";
				ENABLE_NS_ASSERTIONS = NO;
				ENABLE_STRICT_OBJC_MSGSEND = YES;
				GCC_C_LANGUAGE_STANDARD = gnu11;
				GCC_NO_COMMON_BLOCKS = YES;
				GCC_PRECOMPILE_PREFIX_HEADER = YES;
				GCC_PREFIX_HEADER = PrefixHeader.pch;
				GCC_WARN_64_TO_32_BIT_CONVERSION = YES;
				GCC_WARN_ABOUT_RETURN_TYPE = YES_ERROR;
				GCC_WARN_UNDECLARED_SELECTOR = YES;
				GCC_WARN_UNINITIALIZED_AUTOS = YES_AGGRESSIVE;
				GCC_WARN_UNUSED_FUNCTION = YES;
				GCC_WARN_UNUSED_VARIABLE = YES;
				IPHONEOS_DEPLOYMENT_TARGET = 14.2;
				MTL_ENABLE_DEBUG_INFO = NO;
				MTL_FAST_MATH = YES;
				SDKROOT = iphoneos;
				VALIDATE_PRODUCT = YES;
			};
			name = Release;
		};
		F239B43725C65D1400DBB138 /* Debug */ = {
			isa = XCBuildConfiguration;
			baseConfigurationReference = 2C71ADC05FBB18ED3615307B /* Pods-JYFormHelper.debug.xcconfig */;
			buildSettings = {
				ASSETCATALOG_COMPILER_APPICON_NAME = AppIcon;
				ASSETCATALOG_COMPILER_GLOBAL_ACCENT_COLOR_NAME = AccentColor;
				CODE_SIGN_STYLE = Automatic;
				DEVELOPMENT_TEAM = 9UMHNFRD9X;
				GCC_PRECOMPILE_PREFIX_HEADER = YES;
				INFOPLIST_FILE = Info.plist;
				IPHONEOS_DEPLOYMENT_TARGET = 9.0;
				LD_RUNPATH_SEARCH_PATHS = (
					"$(inherited)",
					"@executable_path/Frameworks",
				);
				PRODUCT_BUNDLE_IDENTIFIER = com.cloudcreate.governmentToEnterprise2;
				PRODUCT_NAME = "$(TARGET_NAME)";
				TARGETED_DEVICE_FAMILY = "1,2";
			};
			name = Debug;
		};
		F239B43825C65D1400DBB138 /* Release */ = {
			isa = XCBuildConfiguration;
			baseConfigurationReference = A2CE97A01436F946DD5E616B /* Pods-JYFormHelper.release.xcconfig */;
			buildSettings = {
				ASSETCATALOG_COMPILER_APPICON_NAME = AppIcon;
				ASSETCATALOG_COMPILER_GLOBAL_ACCENT_COLOR_NAME = AccentColor;
				CODE_SIGN_STYLE = Automatic;
				DEVELOPMENT_TEAM = 9UMHNFRD9X;
				GCC_PRECOMPILE_PREFIX_HEADER = YES;
				INFOPLIST_FILE = Info.plist;
				IPHONEOS_DEPLOYMENT_TARGET = 9.0;
				LD_RUNPATH_SEARCH_PATHS = (
					"$(inherited)",
					"@executable_path/Frameworks",
				);
				PRODUCT_BUNDLE_IDENTIFIER = com.cloudcreate.governmentToEnterprise2;
				PRODUCT_NAME = "$(TARGET_NAME)";
				TARGETED_DEVICE_FAMILY = "1,2";
			};
			name = Release;
		};
/* End XCBuildConfiguration section */

/* Begin XCConfigurationList section */
		F239B41825C65D1200DBB138 /* Build configuration list for PBXProject "JYFormHelper" */ = {
			isa = XCConfigurationList;
			buildConfigurations = (
				F239B43425C65D1400DBB138 /* Debug */,
				F239B43525C65D1400DBB138 /* Release */,
			);
			defaultConfigurationIsVisible = 0;
			defaultConfigurationName = Release;
		};
		F239B43625C65D1400DBB138 /* Build configuration list for PBXNativeTarget "JYFormHelper" */ = {
			isa = XCConfigurationList;
			buildConfigurations = (
				F239B43725C65D1400DBB138 /* Debug */,
				F239B43825C65D1400DBB138 /* Release */,
			);
			defaultConfigurationIsVisible = 0;
			defaultConfigurationName = Release;
		};
/* End XCConfigurationList section */
	};
	rootObject = F239B41525C65D1200DBB138 /* Project object */;
}
